#MicroXplorer Configuration settings - do not modify
ADC1.Channel-1\#ChannelRegularConversion=ADC_CHANNEL_1
ADC1.Channel-12\#ChannelRegularConversion=ADC_CHANNEL_TEMPSENSOR
ADC1.Channel-2\#ChannelRegularConversion=ADC_CHANNEL_0
ADC1.Channel-3\#ChannelRegularConversion=ADC_CHANNEL_13
ADC1.Channel-4\#ChannelRegularConversion=ADC_CHANNEL_12
ADC1.Channel-5\#ChannelRegularConversion=ADC_CHANNEL_11
ADC1.Channel-6\#ChannelRegularConversion=ADC_CHANNEL_10
ADC1.Channel-7\#ChannelRegularConversion=ADC_CHANNEL_2
ADC1.Channel-8\#ChannelRegularConversion=ADC_CHANNEL_3
ADC1.ContinuousConvMode=ENABLE
ADC1.DMAContinuousRequests=ENABLE
ADC1.IPParameters=ContinuousConvMode,NbrOfConversion,Rank-1\#ChannelRegularConversion,Channel-1\#ChannelRegularConversion,SamplingTime-1\#ChannelRegularConversion,Rank-2\#ChannelRegularConversion,Channel-2\#ChannelRegularConversion,SamplingTime-2\#ChannelRegularConversion,Rank-3\#ChannelRegularConversion,Channel-3\#ChannelRegularConversion,SamplingTime-3\#ChannelRegularConversion,Rank-4\#ChannelRegularConversion,Channel-4\#ChannelRegularConversion,SamplingTime-4\#ChannelRegularConversion,Rank-5\#ChannelRegularConversion,Channel-5\#ChannelRegularConversion,SamplingTime-5\#ChannelRegularConversion,Rank-6\#ChannelRegularConversion,Channel-6\#ChannelRegularConversion,SamplingTime-6\#ChannelRegularConversion,Rank-7\#ChannelRegularConversion,Channel-7\#ChannelRegularConversion,SamplingTime-7\#ChannelRegularConversion,Rank-8\#ChannelRegularConversion,Channel-8\#ChannelRegularConversion,SamplingTime-8\#ChannelRegularConversion,master,InjNumberOfConversion,DMAContinuousRequests,Rank-12\#ChannelRegularConversion,Channel-12\#ChannelRegularConversion,SamplingTime-12\#ChannelRegularConversion
ADC1.InjNumberOfConversion=0
ADC1.NbrOfConversion=9
ADC1.Rank-1\#ChannelRegularConversion=1
ADC1.Rank-12\#ChannelRegularConversion=9
ADC1.Rank-2\#ChannelRegularConversion=2
ADC1.Rank-3\#ChannelRegularConversion=3
ADC1.Rank-4\#ChannelRegularConversion=4
ADC1.Rank-5\#ChannelRegularConversion=5
ADC1.Rank-6\#ChannelRegularConversion=6
ADC1.Rank-7\#ChannelRegularConversion=7
ADC1.Rank-8\#ChannelRegularConversion=8
ADC1.SamplingTime-1\#ChannelRegularConversion=ADC_SAMPLETIME_84CYCLES
ADC1.SamplingTime-12\#ChannelRegularConversion=ADC_SAMPLETIME_3CYCLES
ADC1.SamplingTime-2\#ChannelRegularConversion=ADC_SAMPLETIME_84CYCLES
ADC1.SamplingTime-3\#ChannelRegularConversion=ADC_SAMPLETIME_84CYCLES
ADC1.SamplingTime-4\#ChannelRegularConversion=ADC_SAMPLETIME_84CYCLES
ADC1.SamplingTime-5\#ChannelRegularConversion=ADC_SAMPLETIME_84CYCLES
ADC1.SamplingTime-6\#ChannelRegularConversion=ADC_SAMPLETIME_84CYCLES
ADC1.SamplingTime-7\#ChannelRegularConversion=ADC_SAMPLETIME_84CYCLES
ADC1.SamplingTime-8\#ChannelRegularConversion=ADC_SAMPLETIME_84CYCLES
ADC1.master=1
Dma.ADC1.0.Direction=DMA_PERIPH_TO_MEMORY
Dma.ADC1.0.FIFOMode=DMA_FIFOMODE_DISABLE
Dma.ADC1.0.Instance=DMA2_Stream0
Dma.ADC1.0.MemDataAlignment=DMA_MDATAALIGN_WORD
Dma.ADC1.0.MemInc=DMA_MINC_ENABLE
Dma.ADC1.0.Mode=DMA_CIRCULAR
Dma.ADC1.0.PeriphDataAlignment=DMA_PDATAALIGN_WORD
Dma.ADC1.0.PeriphInc=DMA_PINC_DISABLE
Dma.ADC1.0.Priority=DMA_PRIORITY_MEDIUM
Dma.ADC1.0.RequestParameters=Instance,Direction,PeriphInc,MemInc,PeriphDataAlignment,MemDataAlignment,Mode,Priority,FIFOMode
Dma.Request0=ADC1
Dma.RequestsNb=1
File.Version=6
GPIO.groupedBy=Group By Peripherals
KeepUserPlacement=false
Mcu.Family=STM32F4
Mcu.IP0=ADC1
Mcu.IP1=DMA
Mcu.IP10=TIM3
Mcu.IP11=TIM4
Mcu.IP12=TIM5
Mcu.IP13=USART1
Mcu.IP14=USB_OTG_FS
Mcu.IP2=I2C3
Mcu.IP3=NVIC
Mcu.IP4=RCC
Mcu.IP5=SPI1
Mcu.IP6=SPI2
Mcu.IP7=SYS
Mcu.IP8=TIM1
Mcu.IP9=TIM2
Mcu.IPNb=15
Mcu.Name=STM32F411R(C-E)Tx
Mcu.Package=LQFP64
Mcu.Pin0=PC13-ANTI_TAMP
Mcu.Pin1=PC14-OSC32_IN
Mcu.Pin10=PA1
Mcu.Pin11=PA2
Mcu.Pin12=PA3
Mcu.Pin13=PA4
Mcu.Pin14=PA5
Mcu.Pin15=PA6
Mcu.Pin16=PA7
Mcu.Pin17=PC4
Mcu.Pin18=PC5
Mcu.Pin19=PB0
Mcu.Pin2=PC15-OSC32_OUT
Mcu.Pin20=PB1
Mcu.Pin21=PB2
Mcu.Pin22=PB10
Mcu.Pin23=PB12
Mcu.Pin24=PB13
Mcu.Pin25=PB14
Mcu.Pin26=PB15
Mcu.Pin27=PC6
Mcu.Pin28=PC7
Mcu.Pin29=PC8
Mcu.Pin3=PH0 - OSC_IN
Mcu.Pin30=PC9
Mcu.Pin31=PA8
Mcu.Pin32=PA9
Mcu.Pin33=PA10
Mcu.Pin34=PA11
Mcu.Pin35=PA12
Mcu.Pin36=PA13
Mcu.Pin37=PA14
Mcu.Pin38=PA15
Mcu.Pin39=PC10
Mcu.Pin4=PH1 - OSC_OUT
Mcu.Pin40=PC11
Mcu.Pin41=PC12
Mcu.Pin42=PD2
Mcu.Pin43=PB3
Mcu.Pin44=PB4
Mcu.Pin45=PB5
Mcu.Pin46=PB6
Mcu.Pin47=PB7
Mcu.Pin48=PB8
Mcu.Pin49=PB9
Mcu.Pin5=PC0
Mcu.Pin50=VP_ADC1_TempSens_Input
Mcu.Pin51=VP_SYS_VS_Systick
Mcu.Pin52=VP_TIM1_VS_ClockSourceINT
Mcu.Pin53=VP_TIM2_VS_ClockSourceINT
Mcu.Pin54=VP_TIM4_VS_ClockSourceINT
Mcu.Pin55=VP_TIM5_VS_ClockSourceINT
Mcu.Pin6=PC1
Mcu.Pin7=PC2
Mcu.Pin8=PC3
Mcu.Pin9=PA0-WKUP
Mcu.PinsNb=56
Mcu.ThirdPartyNb=0
Mcu.UserConstants=
Mcu.UserName=STM32F411RETx
MxCube.Version=5.5.0
MxDb.Version=DB.5.0.50
NVIC.ADC_IRQn=true\:1\:0\:true\:true\:true\:7\:true\:true
NVIC.BusFault_IRQn=true\:0\:0\:false\:false\:true\:true\:false
NVIC.DMA2_Stream0_IRQn=true\:0\:0\:true\:true\:true\:2\:false\:true
NVIC.DebugMonitor_IRQn=true\:0\:0\:true\:false\:true\:true\:false
NVIC.EXTI2_IRQn=true\:14\:0\:true\:false\:true\:true\:true
NVIC.EXTI9_5_IRQn=true\:13\:0\:true\:true\:true\:6\:true\:true
NVIC.ForceEnableDMAVector=true
NVIC.HardFault_IRQn=true\:0\:0\:false\:false\:true\:true\:false
NVIC.MemoryManagement_IRQn=true\:0\:0\:false\:false\:true\:true\:false
NVIC.NonMaskableInt_IRQn=true\:0\:0\:false\:false\:true\:true\:false
NVIC.OTG_FS_IRQn=true\:10\:0\:true\:false\:true\:true\:true
NVIC.PendSV_IRQn=true\:0\:0\:false\:false\:true\:true\:false
NVIC.PriorityGroup=NVIC_PRIORITYGROUP_4
NVIC.SVCall_IRQn=true\:0\:0\:false\:false\:true\:true\:false
NVIC.SysTick_IRQn=true\:0\:0\:true\:false\:true\:true\:true
NVIC.TIM2_IRQn=true\:5\:0\:true\:true\:true\:5\:true\:true
NVIC.TIM3_IRQn=true\:4\:0\:true\:true\:true\:4\:true\:true
NVIC.TIM4_IRQn=true\:3\:0\:true\:true\:true\:3\:true\:true
NVIC.TIM5_IRQn=true\:8\:0\:true\:true\:true\:8\:true\:true
NVIC.USART1_IRQn=true\:6\:0\:true\:true\:true\:1\:true\:true
NVIC.UsageFault_IRQn=true\:0\:0\:false\:false\:true\:true\:false
PA0-WKUP.GPIOParameters=GPIO_Label
PA0-WKUP.GPIO_Label=AIN1
PA0-WKUP.Locked=true
PA0-WKUP.Signal=ADCx_IN0
PA1.GPIOParameters=GPIO_Label
PA1.GPIO_Label=AIN0
PA1.Locked=true
PA1.Signal=ADCx_IN1
PA10.GPIOParameters=GPIO_PuPd
PA10.GPIO_PuPd=GPIO_PULLUP
PA10.Locked=true
PA10.Mode=Asynchronous
PA10.Signal=USART1_RX
PA11.GPIOParameters=GPIO_Label
PA11.GPIO_Label=OTG_FS_DM
PA11.Locked=true
PA11.Mode=Device_Only
PA11.Signal=USB_OTG_FS_DM
PA12.GPIOParameters=GPIO_Label
PA12.GPIO_Label=OTG_FS_DP
PA12.Locked=true
PA12.Mode=Device_Only
PA12.Signal=USB_OTG_FS_DP
PA13.GPIOParameters=GPIO_Label
PA13.GPIO_Label=SWDIO
PA13.Locked=true
PA13.Mode=Trace_Asynchronous_SW
PA13.Signal=SYS_JTMS-SWDIO
PA14.GPIOParameters=GPIO_Label
PA14.GPIO_Label=SWCLK
PA14.Locked=true
PA14.Mode=Trace_Asynchronous_SW
PA14.Signal=SYS_JTCK-SWCLK
PA15.GPIOParameters=GPIO_Label
PA15.GPIO_Label=GP3
PA15.Locked=true
PA15.Signal=GPIO_Analog
PA2.GPIOParameters=GPIO_Label
PA2.GPIO_Label=ADC_VEXT
PA2.Locked=true
PA2.Signal=ADCx_IN2
PA3.GPIOParameters=GPIO_Label
PA3.GPIO_Label=ADC_VINT
PA3.Locked=true
PA3.Signal=ADCx_IN3
PA4.GPIOParameters=GPIO_Speed,PinState,GPIO_Label
PA4.GPIO_Label=SPI1_SS1
PA4.GPIO_Speed=GPIO_SPEED_FREQ_VERY_HIGH
PA4.Locked=true
PA4.PinState=GPIO_PIN_SET
PA4.Signal=GPIO_Output
PA5.Locked=true
PA5.Mode=Full_Duplex_Master
PA5.Signal=SPI1_SCK
PA6.GPIOParameters=GPIO_PuPd
PA6.GPIO_PuPd=GPIO_NOPULL
PA6.Locked=true
PA6.Mode=Full_Duplex_Master
PA6.Signal=SPI1_MISO
PA7.Locked=true
PA7.Mode=Full_Duplex_Master
PA7.Signal=SPI1_MOSI
PA8.Locked=true
PA8.Mode=I2C
PA8.Signal=I2C3_SCL
PA9.Locked=true
PA9.Mode=Asynchronous
PA9.Signal=USART1_TX
PB0.GPIOParameters=GPIO_Speed,GPIO_PuPd,GPIO_Label
PB0.GPIO_Label=DRV_BRAKE
PB0.GPIO_PuPd=GPIO_NOPULL
PB0.GPIO_Speed=GPIO_SPEED_FREQ_MEDIUM
PB0.Locked=true
PB0.Signal=GPIO_Output
PB1.GPIOParameters=GPIO_Speed,PinState,GPIO_Label
PB1.GPIO_Label=SPI1_SS2
PB1.GPIO_Speed=GPIO_SPEED_FREQ_VERY_HIGH
PB1.Locked=true
PB1.PinState=GPIO_PIN_SET
PB1.Signal=GPIO_Output
PB10.GPIOParameters=GPIO_Speed,PinState,GPIO_Label
PB10.GPIO_Label=SPI1_SS3
PB10.GPIO_Speed=GPIO_SPEED_FREQ_VERY_HIGH
PB10.Locked=true
PB10.PinState=GPIO_PIN_SET
PB10.Signal=GPIO_Output
PB12.GPIOParameters=GPIO_Speed,GPIO_Label
PB12.GPIO_Label=SPI2_NSS
PB12.GPIO_Speed=GPIO_SPEED_FREQ_HIGH
PB12.Locked=true
PB12.Signal=GPIO_Output
PB13.Locked=true
PB13.Mode=Full_Duplex_Master
PB13.Signal=SPI2_SCK
PB14.Locked=true
PB14.Mode=Full_Duplex_Master
PB14.Signal=SPI2_MISO
PB15.Locked=true
PB15.Mode=Full_Duplex_Master
PB15.Signal=SPI2_MOSI
PB2.GPIOParameters=GPIO_Label
PB2.GPIO_Label=BUTTON_A
PB2.Locked=true
PB2.Signal=GPXTI2
PB3.GPIOParameters=GPIO_Label
PB3.GPIO_Label=GP4
PB3.Locked=true
PB3.Mode=Trace_Asynchronous_SW
PB3.Signal=SYS_JTDO-SWO
PB4.GPIOParameters=GPIO_PuPd,GPIO_Label
PB4.GPIO_Label=DIN7
PB4.GPIO_PuPd=GPIO_PULLUP
PB4.Locked=true
PB4.Signal=GPIO_Input
PB5.GPIOParameters=GPIO_Label
PB5.GPIO_Label=LED_SYS
PB5.Locked=true
PB5.Signal=GPIO_Output
PB6.GPIOParameters=GPIO_PuPd,GPIO_Label
PB6.GPIO_Label=DIN6
PB6.GPIO_PuPd=GPIO_PULLUP
PB6.Locked=true
PB6.Signal=GPIO_Input
PB7.GPIOParameters=GPIO_PuPd,GPIO_Label
PB7.GPIO_Label=DIN5
PB7.GPIO_PuPd=GPIO_PULLUP
PB7.Locked=true
PB7.Signal=GPIO_Input
PB8.GPIOParameters=GPIO_PuPd,GPIO_Label
PB8.GPIO_Label=DIN4
PB8.GPIO_PuPd=GPIO_PULLUP
PB8.Locked=true
PB8.Signal=GPIO_Input
PB9.GPIOParameters=GPIO_PuPd,GPIO_Label
PB9.GPIO_Label=DIN3
PB9.GPIO_PuPd=GPIO_PULLUP
PB9.Locked=true
PB9.Signal=GPIO_Input
PC0.GPIOParameters=GPIO_Label
PC0.GPIO_Label=AIN5
PC0.Locked=true
PC0.Signal=ADCx_IN10
PC1.GPIOParameters=GPIO_Label
PC1.GPIO_Label=AIN4
PC1.Locked=true
PC1.Signal=ADCx_IN11
PC10.GPIOParameters=GPIO_Label
PC10.GPIO_Label=GP2
PC10.Locked=true
PC10.Signal=GPIO_Analog
PC11.GPIOParameters=GPIO_Label
PC11.GPIO_Label=GP1
PC11.Locked=true
PC11.Signal=GPIO_Analog
PC12.GPIOParameters=GPIO_Label
PC12.GPIO_Label=LED_CLIP
PC12.Locked=true
PC12.Signal=GPIO_Output
PC13-ANTI_TAMP.GPIOParameters=GPIO_PuPd,GPIO_Label
PC13-ANTI_TAMP.GPIO_Label=DIN2
PC13-ANTI_TAMP.GPIO_PuPd=GPIO_PULLUP
PC13-ANTI_TAMP.Locked=true
PC13-ANTI_TAMP.Signal=GPIO_Input
PC14-OSC32_IN.GPIOParameters=GPIO_PuPd,GPIO_Label
PC14-OSC32_IN.GPIO_Label=DIN1
PC14-OSC32_IN.GPIO_PuPd=GPIO_PULLUP
PC14-OSC32_IN.Locked=true
PC14-OSC32_IN.Signal=GPIO_Input
PC15-OSC32_OUT.GPIOParameters=GPIO_PuPd,GPIO_Label
PC15-OSC32_OUT.GPIO_Label=DIN0
PC15-OSC32_OUT.GPIO_PuPd=GPIO_PULLUP
PC15-OSC32_OUT.Locked=true
PC15-OSC32_OUT.Signal=GPIO_Input
PC2.GPIOParameters=GPIO_Label
PC2.GPIO_Label=AIN3
PC2.Locked=true
PC2.Signal=ADCx_IN12
PC3.GPIOParameters=GPIO_Label
PC3.GPIO_Label=AIN2
PC3.Locked=true
PC3.Signal=ADCx_IN13
PC4.GPIOParameters=GPIO_PuPd,GPIO_Label
PC4.GPIO_Label=DRV_ENABLE
PC4.GPIO_PuPd=GPIO_NOPULL
PC4.Locked=true
PC4.Signal=GPIO_Output
PC5.GPIOParameters=GPIO_Label
PC5.GPIO_Label=FLAG
PC5.Locked=true
PC5.Signal=GPXTI5
PC6.GPIOParameters=GPIO_PuPd,GPIO_Label
PC6.GPIO_Label=ENCODER_A
PC6.GPIO_PuPd=GPIO_PULLUP
PC6.Locked=true
PC6.Signal=S_TIM3_CH1
PC7.GPIOParameters=GPIO_PuPd,GPIO_Label
PC7.GPIO_Label=ENCODER_B
PC7.GPIO_PuPd=GPIO_PULLUP
PC7.Locked=true
PC7.Signal=S_TIM3_CH2
PC8.GPIOParameters=GPIO_PuPd,GPIO_Label
PC8.GPIO_Label=ENCODER_Z
PC8.GPIO_PuPd=GPIO_PULLUP
PC8.Locked=true
PC8.Signal=GPXTI8
PC9.Locked=true
PC9.Mode=I2C
PC9.Signal=I2C3_SDA
PCC.Checker=false
PCC.Line=STM32F411
PCC.MCU=STM32F411R(C-E)Tx
PCC.PartNumber=STM32F411RETx
PCC.Seq0=0
PCC.Series=STM32F4
PCC.Temperature=25
PCC.Vdd=null
PD2.GPIOParameters=GPIO_Label
PD2.GPIO_Label=LED_ERR
PD2.Locked=true
PD2.Signal=GPIO_Output
PH0\ -\ OSC_IN.Mode=HSE-External-Oscillator
PH0\ -\ OSC_IN.Signal=RCC_OSC_IN
PH1\ -\ OSC_OUT.Mode=HSE-External-Oscillator
PH1\ -\ OSC_OUT.Signal=RCC_OSC_OUT
PinOutPanel.RotationAngle=180
ProjectManager.AskForMigrate=true
ProjectManager.BackupPrevious=false
ProjectManager.CompilerOptimize=6
ProjectManager.ComputerToolchain=false
ProjectManager.CoupleFile=false
ProjectManager.CustomerFirmwarePackage=
ProjectManager.DefaultFWLocation=true
ProjectManager.DeletePrevious=true
ProjectManager.DeviceId=STM32F411RETx
ProjectManager.FirmwarePackage=STM32Cube FW_F4 V1.24.2
ProjectManager.FreePins=false
ProjectManager.HalAssertFull=false
ProjectManager.HeapSize=0x200
ProjectManager.KeepUserCode=true
ProjectManager.LastFirmware=true
ProjectManager.LibraryCopy=1
ProjectManager.MainLocation=Src
ProjectManager.NoMain=false
ProjectManager.PreviousToolchain=TrueSTUDIO
ProjectManager.ProjectBuild=false
ProjectManager.ProjectFileName=OpenFFBoard.ioc
ProjectManager.ProjectName=OpenFFBoard
ProjectManager.StackSize=0x400
ProjectManager.TargetToolchain=STM32CubeIDE
ProjectManager.ToolChainLocation=
ProjectManager.UnderRoot=true
ProjectManager.functionlistsort=1-MX_GPIO_Init-GPIO-false-HAL-true,2-MX_DMA_Init-DMA-false-HAL-true,3-SystemClock_Config-RCC-false-HAL-false,4-MX_TIM3_Init-TIM3-false-HAL-true,5-MX_ADC1_Init-ADC1-false-HAL-true,6-MX_TIM2_Init-TIM2-false-HAL-true,7-MX_TIM1_Init-TIM1-false-HAL-true,8-MX_USART1_UART_Init-USART1-false-HAL-true,9-MX_SPI2_Init-SPI2-false-HAL-true,10-MX_TIM4_Init-TIM4-false-HAL-true,11-MX_TIM5_Init-TIM5-false-HAL-true,12-MX_I2C3_Init-I2C3-false-HAL-true,13-MX_SPI1_Init-SPI1-false-HAL-true,14-MX_USB_OTG_FS_PCD_Init-USB_OTG_FS-true-HAL-false
RCC.48MHZClocksFreq_Value=48000000
RCC.AHBFreq_Value=96000000
RCC.APB1CLKDivider=RCC_HCLK_DIV2
RCC.APB1Freq_Value=48000000
RCC.APB1TimFreq_Value=96000000
RCC.APB2Freq_Value=96000000
RCC.APB2TimFreq_Value=96000000
RCC.CortexFreq_Value=96000000
RCC.EthernetFreq_Value=96000000
RCC.FCLKCortexFreq_Value=96000000
RCC.FamilyName=M
RCC.HCLKFreq_Value=96000000
RCC.HSE_VALUE=8000000
RCC.HSI_VALUE=16000000
RCC.I2SClocksFreq_Value=48000000
RCC.IPParameters=48MHZClocksFreq_Value,AHBFreq_Value,APB1CLKDivider,APB1Freq_Value,APB1TimFreq_Value,APB2Freq_Value,APB2TimFreq_Value,CortexFreq_Value,EthernetFreq_Value,FCLKCortexFreq_Value,FamilyName,HCLKFreq_Value,HSE_VALUE,HSI_VALUE,I2SClocksFreq_Value,LSE_VALUE,LSI_VALUE,MCO2PinFreq_Value,PLLCLKFreq_Value,PLLM,PLLN,PLLQCLKFreq_Value,RTCFreq_Value,RTCHSEDivFreq_Value,SYSCLKFreq_VALUE,SYSCLKSource,VCOI2SOutputFreq_Value,VCOInputFreq_Value,VCOInputMFreq_Value,VCOOutputFreq_Value,VcooutputI2S
RCC.LSE_VALUE=32768
RCC.LSI_VALUE=32000
RCC.MCO2PinFreq_Value=96000000
RCC.PLLCLKFreq_Value=96000000
RCC.PLLM=4
RCC.PLLN=96
RCC.PLLQCLKFreq_Value=48000000
RCC.RTCFreq_Value=32000
RCC.RTCHSEDivFreq_Value=4000000
RCC.SYSCLKFreq_VALUE=96000000
RCC.SYSCLKSource=RCC_SYSCLKSOURCE_PLLCLK
RCC.VCOI2SOutputFreq_Value=96000000
RCC.VCOInputFreq_Value=2000000
RCC.VCOInputMFreq_Value=500000
RCC.VCOOutputFreq_Value=192000000
RCC.VcooutputI2S=48000000
SH.ADCx_IN0.0=ADC1_IN0,IN0
SH.ADCx_IN0.ConfNb=1
SH.ADCx_IN1.0=ADC1_IN1,IN1
SH.ADCx_IN1.ConfNb=1
SH.ADCx_IN10.0=ADC1_IN10,IN10
SH.ADCx_IN10.ConfNb=1
SH.ADCx_IN11.0=ADC1_IN11,IN11
SH.ADCx_IN11.ConfNb=1
SH.ADCx_IN12.0=ADC1_IN12,IN12
SH.ADCx_IN12.ConfNb=1
SH.ADCx_IN13.0=ADC1_IN13,IN13
SH.ADCx_IN13.ConfNb=1
SH.ADCx_IN2.0=ADC1_IN2,IN2
SH.ADCx_IN2.ConfNb=1
SH.ADCx_IN3.0=ADC1_IN3,IN3
SH.ADCx_IN3.ConfNb=1
SH.GPXTI2.0=GPIO_EXTI2
SH.GPXTI2.ConfNb=1
SH.GPXTI5.0=GPIO_EXTI5
SH.GPXTI5.ConfNb=1
SH.GPXTI8.0=GPIO_EXTI8
SH.GPXTI8.ConfNb=1
SH.S_TIM3_CH1.0=TIM3_CH1,Encoder_Interface
SH.S_TIM3_CH1.ConfNb=1
SH.S_TIM3_CH2.0=TIM3_CH2,Encoder_Interface
SH.S_TIM3_CH2.ConfNb=1
SPI1.BaudRatePrescaler=SPI_BAUDRATEPRESCALER_16
SPI1.CLKPhase=SPI_PHASE_2EDGE
SPI1.CLKPolarity=SPI_POLARITY_HIGH
SPI1.CalculateBaudRate=6.0 MBits/s
SPI1.DataSize=SPI_DATASIZE_8BIT
SPI1.Direction=SPI_DIRECTION_2LINES
SPI1.FirstBit=SPI_FIRSTBIT_MSB
SPI1.IPParameters=VirtualType,Mode,Direction,CalculateBaudRate,BaudRatePrescaler,CLKPolarity,CLKPhase,DataSize,FirstBit
SPI1.Mode=SPI_MODE_MASTER
SPI1.VirtualType=VM_MASTER
SPI2.BaudRatePrescaler=SPI_BAUDRATEPRESCALER_32
SPI2.CLKPhase=SPI_PHASE_1EDGE
SPI2.CLKPolarity=SPI_POLARITY_LOW
SPI2.CalculateBaudRate=1.5 MBits/s
SPI2.Direction=SPI_DIRECTION_2LINES
SPI2.FirstBit=SPI_FIRSTBIT_LSB
SPI2.IPParameters=BaudRatePrescaler,CLKPolarity,CLKPhase,VirtualType,Mode,Direction,CalculateBaudRate,FirstBit
SPI2.Mode=SPI_MODE_MASTER
SPI2.VirtualType=VM_MASTER
TIM1.IPParameters=Prescaler,Period
TIM1.Period=0xffff
TIM1.Prescaler=96-1
TIM2.IPParameters=Prescaler,Period
TIM2.Period=500
TIM2.Prescaler=96-1
TIM3.CounterMode=TIM_COUNTERMODE_CENTERALIGNED1
TIM3.EncoderMode=TIM_ENCODERMODE_TI12
TIM3.IPParameters=CounterMode,Period,EncoderMode
TIM3.Period=0xffff
TIM4.IPParameters=Prescaler,Period
TIM4.Period=0xffff
TIM4.Prescaler=96-1
TIM5.IPParameters=Prescaler,Period
TIM5.Period=300
TIM5.Prescaler=96
USART1.IPParameters=VirtualMode
USART1.VirtualMode=VM_ASYNC
USB_OTG_FS.IPParameters=VirtualMode,Sof_enable
USB_OTG_FS.Sof_enable=ENABLE
USB_OTG_FS.VirtualMode=Device_Only
VP_ADC1_TempSens_Input.Mode=IN-TempSens
VP_ADC1_TempSens_Input.Signal=ADC1_TempSens_Input
VP_SYS_VS_Systick.Mode=SysTick
VP_SYS_VS_Systick.Signal=SYS_VS_Systick
VP_TIM1_VS_ClockSourceINT.Mode=Internal
VP_TIM1_VS_ClockSourceINT.Signal=TIM1_VS_ClockSourceINT
VP_TIM2_VS_ClockSourceINT.Mode=Internal
VP_TIM2_VS_ClockSourceINT.Signal=TIM2_VS_ClockSourceINT
VP_TIM4_VS_ClockSourceINT.Mode=Internal
VP_TIM4_VS_ClockSourceINT.Signal=TIM4_VS_ClockSourceINT
VP_TIM5_VS_ClockSourceINT.Mode=Internal
VP_TIM5_VS_ClockSourceINT.Signal=TIM5_VS_ClockSourceINT
board=custom
isbadioc=false
